
Microsoft Visual Studio Solution File, Format Version 12.00
# Visual Studio Version 17
VisualStudioVersion = 17.8.34330.188
MinimumVisualStudioVersion = 10.0.40219.1
Project("{9A19103F-16F7-4668-BE54-9A1E7A4F7556}") = "ProjetoFinal", "ProjetoFinal.csproj", "{308F05D6-43E5-4F2F-B6D4-979DEB4F0554}"
EndProject
Global
	GlobalSection(SolutionConfigurationPlatforms) = preSolution
		Debug|Any CPU = Debug|Any CPU
		Release|Any CPU = Release|Any CPU
	EndGlobalSection
	GlobalSection(ProjectConfigurationPlatforms) = postSolution
		{308F05D6-43E5-4F2F-B6D4-979DEB4F0554}.Debug|Any CPU.ActiveCfg = Debug|Any CPU
		{308F05D6-43E5-4F2F-B6D4-979DEB4F0554}.Debug|Any CPU.Build.0 = Debug|Any CPU
		{308F05D6-43E5-4F2F-B6D4-979DEB4F0554}.Release|Any CPU.ActiveCfg = Release|Any CPU
		{308F05D6-43E5-4F2F-B6D4-979DEB4F0554}.Release|Any CPU.Build.0 = Release|Any CPU
	EndGlobalSection
	GlobalSection(SolutionProperties) = preSolution
		HideSolutionNode = FALSE
	EndGlobalSection
	GlobalSection(ExtensibilityGlobals) = postSolution
		SolutionGuid = {8387D5B2-BE57-4F44-B461-69185E5B56D4}
	EndGlobalSection
EndGlobal
